// !$*UTF8*$!
{
	archiveVersion = 1;
	classes = {
	};
	objectVersion = 50;
	objects = {

/* Begin PBXBuildFile section */
		A8465DDA2485139100E1EB50 /* MenuContent.swift in Sources */ = {isa = PBXBuildFile; fileRef = A8465DD92485139100E1EB50 /* MenuContent.swift */; };
		A8465DDD248513B200E1EB50 /* SideMenu.swift in Sources */ = {isa = PBXBuildFile; fileRef = A8465DDC248513B200E1EB50 /* SideMenu.swift */; };
		A866FABC24841A8B000BD930 /* AppDelegate.swift in Sources */ = {isa = PBXBuildFile; fileRef = A866FABB24841A8B000BD930 /* AppDelegate.swift */; };
		A866FABE24841A8B000BD930 /* SceneDelegate.swift in Sources */ = {isa = PBXBuildFile; fileRef = A866FABD24841A8B000BD930 /* SceneDelegate.swift */; };
		A866FAC024841A8B000BD930 /* PlacesListView.swift in Sources */ = {isa = PBXBuildFile; fileRef = A866FABF24841A8B000BD930 /* PlacesListView.swift */; };
		A866FAC224841A8C000BD930 /* Assets.xcassets in Resources */ = {isa = PBXBuildFile; fileRef = A866FAC124841A8C000BD930 /* Assets.xcassets */; };
		A866FAC524841A8C000BD930 /* Preview Assets.xcassets in Resources */ = {isa = PBXBuildFile; fileRef = A866FAC424841A8C000BD930 /* Preview Assets.xcassets */; };
		A866FAC824841A8C000BD930 /* LaunchScreen.storyboard in Resources */ = {isa = PBXBuildFile; fileRef = A866FAC624841A8C000BD930 /* LaunchScreen.storyboard */; };
		A866FAD224841C3E000BD930 /* PlaceRow.swift in Sources */ = {isa = PBXBuildFile; fileRef = A866FAD124841C3E000BD930 /* PlaceRow.swift */; };
		A866FAD424841C62000BD930 /* Place.swift in Sources */ = {isa = PBXBuildFile; fileRef = A866FAD324841C62000BD930 /* Place.swift */; };
		A866FAD724841F02000BD930 /* Data.swift in Sources */ = {isa = PBXBuildFile; fileRef = A866FAD624841F02000BD930 /* Data.swift */; };
		A8F1B24C2484203800F8E64C /* placeData.json in Resources */ = {isa = PBXBuildFile; fileRef = A8F1B24B2484203800F8E64C /* placeData.json */; };
		A8F1B25024842C4000F8E64C /* PlaceDetail.swift in Sources */ = {isa = PBXBuildFile; fileRef = A8F1B24F24842C4000F8E64C /* PlaceDetail.swift */; };
		A8F1B252248432B000F8E64C /* NewPlace.swift in Sources */ = {isa = PBXBuildFile; fileRef = A8F1B251248432B000F8E64C /* NewPlace.swift */; };
		A8F1B254248444E700F8E64C /* Colors.swift in Sources */ = {isa = PBXBuildFile; fileRef = A8F1B253248444E700F8E64C /* Colors.swift */; };
		A8F1B25724844ED200F8E64C /* HeaderView.swift in Sources */ = {isa = PBXBuildFile; fileRef = A8F1B25624844ED200F8E64C /* HeaderView.swift */; };
		A8F1B2592484500900F8E64C /* FormView.swift in Sources */ = {isa = PBXBuildFile; fileRef = A8F1B2582484500900F8E64C /* FormView.swift */; };
		A8F1B25B24845AF200F8E64C /* PickColor.swift in Sources */ = {isa = PBXBuildFile; fileRef = A8F1B25A24845AF200F8E64C /* PickColor.swift */; };
/* End PBXBuildFile section */

/* Begin PBXFileReference section */
		A8465DD92485139100E1EB50 /* MenuContent.swift */ = {isa = PBXFileReference; lastKnownFileType = sourcecode.swift; path = MenuContent.swift; sourceTree = "<group>"; };
		A8465DDC248513B200E1EB50 /* SideMenu.swift */ = {isa = PBXFileReference; lastKnownFileType = sourcecode.swift; path = SideMenu.swift; sourceTree = "<group>"; };
		A866FAB824841A8B000BD930 /* Traveling bucket list.app */ = {isa = PBXFileReference; explicitFileType = wrapper.application; includeInIndex = 0; path = "Traveling bucket list.app"; sourceTree = BUILT_PRODUCTS_DIR; };
		A866FABB24841A8B000BD930 /* AppDelegate.swift */ = {isa = PBXFileReference; lastKnownFileType = sourcecode.swift; path = AppDelegate.swift; sourceTree = "<group>"; };
		A866FABD24841A8B000BD930 /* SceneDelegate.swift */ = {isa = PBXFileReference; lastKnownFileType = sourcecode.swift; path = SceneDelegate.swift; sourceTree = "<group>"; };
		A866FABF24841A8B000BD930 /* PlacesListView.swift */ = {isa = PBXFileReference; lastKnownFileType = sourcecode.swift; path = PlacesListView.swift; sourceTree = "<group>"; };
		A866FAC124841A8C000BD930 /* Assets.xcassets */ = {isa = PBXFileReference; lastKnownFileType = folder.assetcatalog; path = Assets.xcassets; sourceTree = "<group>"; };
		A866FAC424841A8C000BD930 /* Preview Assets.xcassets */ = {isa = PBXFileReference; lastKnownFileType = folder.assetcatalog; path = "Preview Assets.xcassets"; sourceTree = "<group>"; };
		A866FAC724841A8C000BD930 /* Base */ = {isa = PBXFileReference; lastKnownFileType = file.storyboard; name = Base; path = Base.lproj/LaunchScreen.storyboard; sourceTree = "<group>"; };
		A866FAC924841A8C000BD930 /* Info.plist */ = {isa = PBXFileReference; lastKnownFileType = text.plist.xml; path = Info.plist; sourceTree = "<group>"; };
		A866FAD124841C3E000BD930 /* PlaceRow.swift */ = {isa = PBXFileReference; lastKnownFileType = sourcecode.swift; path = PlaceRow.swift; sourceTree = "<group>"; };
		A866FAD324841C62000BD930 /* Place.swift */ = {isa = PBXFileReference; lastKnownFileType = sourcecode.swift; path = Place.swift; sourceTree = "<group>"; };
		A866FAD624841F02000BD930 /* Data.swift */ = {isa = PBXFileReference; lastKnownFileType = sourcecode.swift; path = Data.swift; sourceTree = "<group>"; };
		A8F1B24B2484203800F8E64C /* placeData.json */ = {isa = PBXFileReference; fileEncoding = 4; lastKnownFileType = text.json; path = placeData.json; sourceTree = "<group>"; };
		A8F1B24F24842C4000F8E64C /* PlaceDetail.swift */ = {isa = PBXFileReference; lastKnownFileType = sourcecode.swift; path = PlaceDetail.swift; sourceTree = "<group>"; };
		A8F1B251248432B000F8E64C /* NewPlace.swift */ = {isa = PBXFileReference; lastKnownFileType = sourcecode.swift; path = NewPlace.swift; sourceTree = "<group>"; };
		A8F1B253248444E700F8E64C /* Colors.swift */ = {isa = PBXFileReference; lastKnownFileType = sourcecode.swift; path = Colors.swift; sourceTree = "<group>"; };
		A8F1B25624844ED200F8E64C /* HeaderView.swift */ = {isa = PBXFileReference; lastKnownFileType = sourcecode.swift; path = HeaderView.swift; sourceTree = "<group>"; };
		A8F1B2582484500900F8E64C /* FormView.swift */ = {isa = PBXFileReference; lastKnownFileType = sourcecode.swift; path = FormView.swift; sourceTree = "<group>"; };
		A8F1B25A24845AF200F8E64C /* PickColor.swift */ = {isa = PBXFileReference; lastKnownFileType = sourcecode.swift; path = PickColor.swift; sourceTree = "<group>"; };
/* End PBXFileReference section */

/* Begin PBXFrameworksBuildPhase section */
		A866FAB524841A8B000BD930 /* Frameworks */ = {
			isa = PBXFrameworksBuildPhase;
			buildActionMask = 2147483647;
			files = (
			);
			runOnlyForDeploymentPostprocessing = 0;
		};
/* End PBXFrameworksBuildPhase section */

/* Begin PBXGroup section */
		A8465DDB2485139600E1EB50 /* Side Menu */ = {
			isa = PBXGroup;
			children = (
				A8465DD92485139100E1EB50 /* MenuContent.swift */,
				A8465DDC248513B200E1EB50 /* SideMenu.swift */,
			);
			path = "Side Menu";
			sourceTree = "<group>";
		};
		A866FAAF24841A8B000BD930 = {
			isa = PBXGroup;
			children = (
				A866FABA24841A8B000BD930 /* Traveling bucket list */,
				A866FAB924841A8B000BD930 /* Products */,
			);
			sourceTree = "<group>";
		};
		A866FAB924841A8B000BD930 /* Products */ = {
			isa = PBXGroup;
			children = (
				A866FAB824841A8B000BD930 /* Traveling bucket list.app */,
			);
			name = Products;
			sourceTree = "<group>";
		};
		A866FABA24841A8B000BD930 /* Traveling bucket list */ = {
			isa = PBXGroup;
			children = (
				A866FACF24841ABC000BD930 /* Application */,
				A866FAD524841DBA000BD930 /* Model */,
				A866FABF24841A8B000BD930 /* PlacesListView.swift */,
				A8F1B24F24842C4000F8E64C /* PlaceDetail.swift */,
				A866FAD124841C3E000BD930 /* PlaceRow.swift */,
				A8465DDB2485139600E1EB50 /* Side Menu */,
				A8F1B25524844E6B00F8E64C /* New Place */,
				A8F1B24E2484205400F8E64C /* Resources */,
				A866FAD024841AD0000BD930 /* Supporting Files */,
				A866FAC324841A8C000BD930 /* Preview Content */,
			);
			path = "Traveling bucket list";
			sourceTree = "<group>";
		};
		A866FAC324841A8C000BD930 /* Preview Content */ = {
			isa = PBXGroup;
			children = (
				A866FAC424841A8C000BD930 /* Preview Assets.xcassets */,
			);
			path = "Preview Content";
			sourceTree = "<group>";
		};
		A866FACF24841ABC000BD930 /* Application */ = {
			isa = PBXGroup;
			children = (
				A866FABB24841A8B000BD930 /* AppDelegate.swift */,
				A866FABD24841A8B000BD930 /* SceneDelegate.swift */,
			);
			path = Application;
			sourceTree = "<group>";
		};
		A866FAD024841AD0000BD930 /* Supporting Files */ = {
			isa = PBXGroup;
			children = (
				A866FAC124841A8C000BD930 /* Assets.xcassets */,
				A866FAC624841A8C000BD930 /* LaunchScreen.storyboard */,
				A866FAC924841A8C000BD930 /* Info.plist */,
			);
			path = "Supporting Files";
			sourceTree = "<group>";
		};
		A866FAD524841DBA000BD930 /* Model */ = {
			isa = PBXGroup;
			children = (
				A866FAD324841C62000BD930 /* Place.swift */,
				A866FAD624841F02000BD930 /* Data.swift */,
				A8F1B253248444E700F8E64C /* Colors.swift */,
			);
			path = Model;
			sourceTree = "<group>";
		};
		A8F1B24E2484205400F8E64C /* Resources */ = {
			isa = PBXGroup;
			children = (
				A8F1B24B2484203800F8E64C /* placeData.json */,
			);
			path = Resources;
			sourceTree = "<group>";
		};
		A8F1B25524844E6B00F8E64C /* New Place */ = {
			isa = PBXGroup;
			children = (
				A8F1B251248432B000F8E64C /* NewPlace.swift */,
				A8F1B25624844ED200F8E64C /* HeaderView.swift */,
				A8F1B2582484500900F8E64C /* FormView.swift */,
				A8F1B25A24845AF200F8E64C /* PickColor.swift */,
			);
			path = "New Place";
			sourceTree = "<group>";
		};
/* End PBXGroup section */

/* Begin PBXNativeTarget section */
		A866FAB724841A8B000BD930 /* Traveling bucket list */ = {
			isa = PBXNativeTarget;
			buildConfigurationList = A866FACC24841A8C000BD930 /* Build configuration list for PBXNativeTarget "Traveling bucket list" */;
			buildPhases = (
				A866FAB424841A8B000BD930 /* Sources */,
				A866FAB524841A8B000BD930 /* Frameworks */,
				A866FAB624841A8B000BD930 /* Resources */,
			);
			buildRules = (
			);
			dependencies = (
			);
			name = "Traveling bucket list";
			productName = "Traveling bucket list";
			productReference = A866FAB824841A8B000BD930 /* Traveling bucket list.app */;
			productType = "com.apple.product-type.application";
		};
/* End PBXNativeTarget section */

/* Begin PBXProject section */
		A866FAB024841A8B000BD930 /* Project object */ = {
			isa = PBXProject;
			attributes = {
				LastSwiftUpdateCheck = 1150;
				LastUpgradeCheck = 1150;
				ORGANIZATIONNAME = "alex kolhc";
				TargetAttributes = {
					A866FAB724841A8B000BD930 = {
						CreatedOnToolsVersion = 11.5;
					};
				};
			};
			buildConfigurationList = A866FAB324841A8B000BD930 /* Build configuration list for PBXProject "Traveling bucket list" */;
			compatibilityVersion = "Xcode 9.3";
			developmentRegion = en;
			hasScannedForEncodings = 0;
			knownRegions = (
				en,
				Base,
			);
			mainGroup = A866FAAF24841A8B000BD930;
			productRefGroup = A866FAB924841A8B000BD930 /* Products */;
			projectDirPath = "";
			projectRoot = "";
			targets = (
				A866FAB724841A8B000BD930 /* Traveling bucket list */,
			);
		};
/* End PBXProject section */

/* Begin PBXResourcesBuildPhase section */
		A866FAB624841A8B000BD930 /* Resources */ = {
			isa = PBXResourcesBuildPhase;
			buildActionMask = 2147483647;
			files = (
				A866FAC824841A8C000BD930 /* LaunchScreen.storyboard in Resources */,
				A8F1B24C2484203800F8E64C /* placeData.json in Resources */,
				A866FAC524841A8C000BD930 /* Preview Assets.xcassets in Resources */,
				A866FAC224841A8C000BD930 /* Assets.xcassets in Resources */,
			);
			runOnlyForDeploymentPostprocessing = 0;
		};
/* End PBXResourcesBuildPhase section */

/* Begin PBXSourcesBuildPhase section */
		A866FAB424841A8B000BD930 /* Sources */ = {
			isa = PBXSourcesBuildPhase;
			buildActionMask = 2147483647;
			files = (
				A8F1B25B24845AF200F8E64C /* PickColor.swift in Sources */,
				A8F1B252248432B000F8E64C /* NewPlace.swift in Sources */,
				A8F1B254248444E700F8E64C /* Colors.swift in Sources */,
				A8465DDD248513B200E1EB50 /* SideMenu.swift in Sources */,
				A866FABC24841A8B000BD930 /* AppDelegate.swift in Sources */,
				A866FAD724841F02000BD930 /* Data.swift in Sources */,
				A866FABE24841A8B000BD930 /* SceneDelegate.swift in Sources */,
				A8F1B25724844ED200F8E64C /* HeaderView.swift in Sources */,
				A866FAD224841C3E000BD930 /* PlaceRow.swift in Sources */,
				A8F1B25024842C4000F8E64C /* PlaceDetail.swift in Sources */,
				A866FAC024841A8B000BD930 /* PlacesListView.swift in Sources */,
				A866FAD424841C62000BD930 /* Place.swift in Sources */,
				A8F1B2592484500900F8E64C /* FormView.swift in Sources */,
				A8465DDA2485139100E1EB50 /* MenuContent.swift in Sources */,
			);
			runOnlyForDeploymentPostprocessing = 0;
		};
/* End PBXSourcesBuildPhase section */

/* Begin PBXVariantGroup section */
		A866FAC624841A8C000BD930 /* LaunchScreen.storyboard */ = {
			isa = PBXVariantGroup;
			children = (
				A866FAC724841A8C000BD930 /* Base */,
			);
			name = LaunchScreen.storyboard;
			sourceTree = "<group>";
		};
/* End PBXVariantGroup section */

/* Begin XCBuildConfiguration section */
		A866FACA24841A8C000BD930 /* Debug */ = {
			isa = XCBuildConfiguration;
			buildSettings = {
				ALWAYS_SEARCH_USER_PATHS = NO;
				CLANG_ANALYZER_NONNULL = YES;
				CLANG_ANALYZER_NUMBER_OBJECT_CONVERSION = YES_AGGRESSIVE;
				CLANG_CXX_LANGUAGE_STANDARD = "gnu++14";
				CLANG_CXX_LIBRARY = "libc++";
				CLANG_ENABLE_MODULES = YES;
				CLANG_ENABLE_OBJC_ARC = YES;
				CLANG_ENABLE_OBJC_WEAK = YES;
				CLANG_WARN_BLOCK_CAPTURE_AUTORELEASING = YES;
				CLANG_WARN_BOOL_CONVERSION = YES;
				CLANG_WARN_COMMA = YES;
				CLANG_WARN_CONSTANT_CONVERSION = YES;
				CLANG_WARN_DEPRECATED_OBJC_IMPLEMENTATIONS = YES;
				CLANG_WARN_DIRECT_OBJC_ISA_USAGE = YES_ERROR;
				CLANG_WARN_DOCUMENTATION_COMMENTS = YES;
				CLANG_WARN_EMPTY_BODY = YES;
				CLANG_WARN_ENUM_CONVERSION = YES;
				CLANG_WARN_INFINITE_RECURSION = YES;
				CLANG_WARN_INT_CONVERSION = YES;
				CLANG_WARN_NON_LITERAL_NULL_CONVERSION = YES;
				CLANG_WARN_OBJC_IMPLICIT_RETAIN_SELF = YES;
				CLANG_WARN_OBJC_LITERAL_CONVERSION = YES;
				CLANG_WARN_OBJC_ROOT_CLASS = YES_ERROR;
				CLANG_WARN_RANGE_LOOP_ANALYSIS = YES;
				CLANG_WARN_STRICT_PROTOTYPES = YES;
				CLANG_WARN_SUSPICIOUS_MOVE = YES;
				CLANG_WARN_UNGUARDED_AVAILABILITY = YES_AGGRESSIVE;
				CLANG_WARN_UNREACHABLE_CODE = YES;
				CLANG_WARN__DUPLICATE_METHOD_MATCH = YES;
				COPY_PHASE_STRIP = NO;
				DEBUG_INFORMATION_FORMAT = dwarf;
				ENABLE_STRICT_OBJC_MSGSEND = YES;
				ENABLE_TESTABILITY = YES;
				GCC_C_LANGUAGE_STANDARD = gnu11;
				GCC_DYNAMIC_NO_PIC = NO;
				GCC_NO_COMMON_BLOCKS = YES;
				GCC_OPTIMIZATION_LEVEL = 0;
				GCC_PREPROCESSOR_DEFINITIONS = (
					"DEBUG=1",
					"$(inherited)",
				);
				GCC_WARN_64_TO_32_BIT_CONVERSION = YES;
				GCC_WARN_ABOUT_RETURN_TYPE = YES_ERROR;
				GCC_WARN_UNDECLARED_SELECTOR = YES;
				GCC_WARN_UNINITIALIZED_AUTOS = YES_AGGRESSIVE;
				GCC_WARN_UNUSED_FUNCTION = YES;
				GCC_WARN_UNUSED_VARIABLE = YES;
				IPHONEOS_DEPLOYMENT_TARGET = 13.5;
				MTL_ENABLE_DEBUG_INFO = INCLUDE_SOURCE;
				MTL_FAST_MATH = YES;
				ONLY_ACTIVE_ARCH = YES;
				SDKROOT = iphoneos;
				SWIFT_ACTIVE_COMPILATION_CONDITIONS = DEBUG;
				SWIFT_OPTIMIZATION_LEVEL = "-Onone";
			};
			name = Debug;
		};
		A866FACB24841A8C000BD930 /* Release */ = {
			isa = XCBuildConfiguration;
			buildSettings = {
				ALWAYS_SEARCH_USER_PATHS = NO;
				CLANG_ANALYZER_NONNULL = YES;
				CLANG_ANALYZER_NUMBER_OBJECT_CONVERSION = YES_AGGRESSIVE;
				CLANG_CXX_LANGUAGE_STANDARD = "gnu++14";
				CLANG_CXX_LIBRARY = "libc++";
				CLANG_ENABLE_MODULES = YES;
				CLANG_ENABLE_OBJC_ARC = YES;
				CLANG_ENABLE_OBJC_WEAK = YES;
				CLANG_WARN_BLOCK_CAPTURE_AUTORELEASING = YES;
				CLANG_WARN_BOOL_CONVERSION = YES;
				CLANG_WARN_COMMA = YES;
				CLANG_WARN_CONSTANT_CONVERSION = YES;
				CLANG_WARN_DEPRECATED_OBJC_IMPLEMENTATIONS = YES;
				CLANG_WARN_DIRECT_OBJC_ISA_USAGE = YES_ERROR;
				CLANG_WARN_DOCUMENTATION_COMMENTS = YES;
				CLANG_WARN_EMPTY_BODY = YES;
				CLANG_WARN_ENUM_CONVERSION = YES;
				CLANG_WARN_INFINITE_RECURSION = YES;
				CLANG_WARN_INT_CONVERSION = YES;
				CLANG_WARN_NON_LITERAL_NULL_CONVERSION = YES;
				CLANG_WARN_OBJC_IMPLICIT_RETAIN_SELF = YES;
				CLANG_WARN_OBJC_LITERAL_CONVERSION = YES;
				CLANG_WARN_OBJC_ROOT_CLASS = YES_ERROR;
				CLANG_WARN_RANGE_LOOP_ANALYSIS = YES;
				CLANG_WARN_STRICT_PROTOTYPES = YES;
				CLANG_WARN_SUSPICIOUS_MOVE = YES;
				CLANG_WARN_UNGUARDED_AVAILABILITY = YES_AGGRESSIVE;
				CLANG_WARN_UNREACHABLE_CODE = YES;
				CLANG_WARN__DUPLICATE_METHOD_MATCH = YES;
				COPY_PHASE_STRIP = NO;
				DEBUG_INFORMATION_FORMAT = "dwarf-with-dsym";
				ENABLE_NS_ASSERTIONS = NO;
				ENABLE_STRICT_OBJC_MSGSEND = YES;
				GCC_C_LANGUAGE_STANDARD = gnu11;
				GCC_NO_COMMON_BLOCKS = YES;
				GCC_WARN_64_TO_32_BIT_CONVERSION = YES;
				GCC_WARN_ABOUT_RETURN_TYPE = YES_ERROR;
				GCC_WARN_UNDECLARED_SELECTOR = YES;
				GCC_WARN_UNINITIALIZED_AUTOS = YES_AGGRESSIVE;
				GCC_WARN_UNUSED_FUNCTION = YES;
				GCC_WARN_UNUSED_VARIABLE = YES;
				IPHONEOS_DEPLOYMENT_TARGET = 13.5;
				MTL_ENABLE_DEBUG_INFO = NO;
				MTL_FAST_MATH = YES;
				SDKROOT = iphoneos;
				SWIFT_COMPILATION_MODE = wholemodule;
				SWIFT_OPTIMIZATION_LEVEL = "-O";
				VALIDATE_PRODUCT = YES;
			};
			name = Release;
		};
		A866FACD24841A8C000BD930 /* Debug */ = {
			isa = XCBuildConfiguration;
			buildSettings = {
				ASSETCATALOG_COMPILER_APPICON_NAME = AppIcon;
				CODE_SIGN_STYLE = Automatic;
				DEVELOPMENT_ASSET_PATHS = "\"Traveling bucket list/Preview Content\"";
				DEVELOPMENT_TEAM = U338449W69;
				ENABLE_PREVIEWS = YES;
				INFOPLIST_FILE = "Traveling bucket list/Supporting Files/Info.plist";
				IPHONEOS_DEPLOYMENT_TARGET = 13.0;
				LD_RUNPATH_SEARCH_PATHS = (
					"$(inherited)",
					"@executable_path/Frameworks",
				);
				PRODUCT_BUNDLE_IDENTIFIER = "alexKolch.Traveling-bucket-list";
				PRODUCT_NAME = "$(TARGET_NAME)";
				SWIFT_VERSION = 5.0;
				TARGETED_DEVICE_FAMILY = "1,2";
			};
			name = Debug;
		};
		A866FACE24841A8C000BD930 /* Release */ = {
			isa = XCBuildConfiguration;
			buildSettings = {
				ASSETCATALOG_COMPILER_APPICON_NAME = AppIcon;
				CODE_SIGN_STYLE = Automatic;
				DEVELOPMENT_ASSET_PATHS = "\"Traveling bucket list/Preview Content\"";
				DEVELOPMENT_TEAM = U338449W69;
				ENABLE_PREVIEWS = YES;
				INFOPLIST_FILE = "Traveling bucket list/Supporting Files/Info.plist";
				IPHONEOS_DEPLOYMENT_TARGET = 13.0;
				LD_RUNPATH_SEARCH_PATHS = (
					"$(inherited)",
					"@executable_path/Frameworks",
				);
				PRODUCT_BUNDLE_IDENTIFIER = "alexKolch.Traveling-bucket-list";
				PRODUCT_NAME = "$(TARGET_NAME)";
				SWIFT_VERSION = 5.0;
				TARGETED_DEVICE_FAMILY = "1,2";
			};
			name = Release;
		};
/* End XCBuildConfiguration section */

/* Begin XCConfigurationList section */
		A866FAB324841A8B000BD930 /* Build configuration list for PBXProject "Traveling bucket list" */ = {
			isa = XCConfigurationList;
			buildConfigurations = (
				A866FACA24841A8C000BD930 /* Debug */,
				A866FACB24841A8C000BD930 /* Release */,
			);
			defaultConfigurationIsVisible = 0;
			defaultConfigurationName = Release;
		};
		A866FACC24841A8C000BD930 /* Build configuration list for PBXNativeTarget "Traveling bucket list" */ = {
			isa = XCConfigurationList;
			buildConfigurations = (
				A866FACD24841A8C000BD930 /* Debug */,
				A866FACE24841A8C000BD930 /* Release */,
			);
			defaultConfigurationIsVisible = 0;
			defaultConfigurationName = Release;
		};
/* End XCConfigurationList section */
	};
	rootObject = A866FAB024841A8B000BD930 /* Project object */;
}
